
Microsoft Visual Studio Solution File, Format Version 12.00
# Visual Studio 15
VisualStudioVersion = 15.0.27130.2027
MinimumVisualStudioVersion = 10.0.40219.1
Project("{FAE04EC0-301F-11D3-BF4B-00C04F79EFBC}") = "ListConsoleApp", "ListConsoleApp.csproj", "{EFC5A36E-D533-4CF5-B0BF-DFFC1FB3658D}"
EndProject
Global
	GlobalSection(SolutionConfigurationPlatforms) = preSolution
		Debug|Any CPU = Debug|Any CPU
		Release|Any CPU = Release|Any CPU
	EndGlobalSection
	GlobalSection(ProjectConfigurationPlatforms) = postSolution
		{EFC5A36E-D533-4CF5-B0BF-DFFC1FB3658D}.Debug|Any CPU.ActiveCfg = Debug|Any CPU
		{EFC5A36E-D533-4CF5-B0BF-DFFC1FB3658D}.Debug|Any CPU.Build.0 = Debug|Any CPU
		{EFC5A36E-D533-4CF5-B0BF-DFFC1FB3658D}.Release|Any CPU.ActiveCfg = Release|Any CPU
		{EFC5A36E-D533-4CF5-B0BF-DFFC1FB3658D}.Release|Any CPU.Build.0 = Release|Any CPU
	EndGlobalSection
	GlobalSection(SolutionProperties) = preSolution
		HideSolutionNode = FALSE
	EndGlobalSection
	GlobalSection(ExtensibilityGlobals) = postSolution
		SolutionGuid = {DBED2B9B-CC8E-4565-8D36-A86FF5993D3F}
	EndGlobalSection
EndGlobal
