
Microsoft Visual Studio Solution File, Format Version 12.00
# Visual Studio 15
VisualStudioVersion = 15.0.27130.2027
MinimumVisualStudioVersion = 10.0.40219.1
Project("{FAE04EC0-301F-11D3-BF4B-00C04F79EFBC}") = "CASConsoleApp", "CASConsoleApp.csproj", "{E451DF91-2D2A-4161-B54C-B94002746B8A}"
EndProject
Global
	GlobalSection(SolutionConfigurationPlatforms) = preSolution
		Debug|Any CPU = Debug|Any CPU
		Release|Any CPU = Release|Any CPU
	EndGlobalSection
	GlobalSection(ProjectConfigurationPlatforms) = postSolution
		{E451DF91-2D2A-4161-B54C-B94002746B8A}.Debug|Any CPU.ActiveCfg = Debug|Any CPU
		{E451DF91-2D2A-4161-B54C-B94002746B8A}.Debug|Any CPU.Build.0 = Debug|Any CPU
		{E451DF91-2D2A-4161-B54C-B94002746B8A}.Release|Any CPU.ActiveCfg = Release|Any CPU
		{E451DF91-2D2A-4161-B54C-B94002746B8A}.Release|Any CPU.Build.0 = Release|Any CPU
	EndGlobalSection
	GlobalSection(SolutionProperties) = preSolution
		HideSolutionNode = FALSE
	EndGlobalSection
	GlobalSection(ExtensibilityGlobals) = postSolution
		SolutionGuid = {A21417E9-FB33-462F-A11D-EA7B012B4B88}
	EndGlobalSection
EndGlobal
