
Microsoft Visual Studio Solution File, Format Version 12.00
# Visual Studio 15
VisualStudioVersion = 15.0.27130.2027
MinimumVisualStudioVersion = 10.0.40219.1
Project("{FAE04EC0-301F-11D3-BF4B-00C04F79EFBC}") = "DataSet", "DataSet\DataSet.csproj", "{3595AD11-592F-48C1-9D74-5CE18AD6C0C4}"
EndProject
Global
	GlobalSection(SolutionConfigurationPlatforms) = preSolution
		Debug|Any CPU = Debug|Any CPU
		Release|Any CPU = Release|Any CPU
	EndGlobalSection
	GlobalSection(ProjectConfigurationPlatforms) = postSolution
		{3595AD11-592F-48C1-9D74-5CE18AD6C0C4}.Debug|Any CPU.ActiveCfg = Debug|Any CPU
		{3595AD11-592F-48C1-9D74-5CE18AD6C0C4}.Debug|Any CPU.Build.0 = Debug|Any CPU
		{3595AD11-592F-48C1-9D74-5CE18AD6C0C4}.Release|Any CPU.ActiveCfg = Release|Any CPU
		{3595AD11-592F-48C1-9D74-5CE18AD6C0C4}.Release|Any CPU.Build.0 = Release|Any CPU
	EndGlobalSection
	GlobalSection(SolutionProperties) = preSolution
		HideSolutionNode = FALSE
	EndGlobalSection
	GlobalSection(ExtensibilityGlobals) = postSolution
		SolutionGuid = {0EE8311E-8842-4F7D-99F1-CAEEE0783543}
	EndGlobalSection
EndGlobal
