
Microsoft Visual Studio Solution File, Format Version 12.00
# Visual Studio 15
VisualStudioVersion = 15.0.27130.2027
MinimumVisualStudioVersion = 10.0.40219.1
Project("{FAE04EC0-301F-11D3-BF4B-00C04F79EFBC}") = "RadioButton", "RadioButton\RadioButton.csproj", "{66D8AA2A-6533-46AD-B604-2A54CBD2DCD2}"
EndProject
Global
	GlobalSection(SolutionConfigurationPlatforms) = preSolution
		Debug|Any CPU = Debug|Any CPU
		Release|Any CPU = Release|Any CPU
	EndGlobalSection
	GlobalSection(ProjectConfigurationPlatforms) = postSolution
		{66D8AA2A-6533-46AD-B604-2A54CBD2DCD2}.Debug|Any CPU.ActiveCfg = Debug|Any CPU
		{66D8AA2A-6533-46AD-B604-2A54CBD2DCD2}.Debug|Any CPU.Build.0 = Debug|Any CPU
		{66D8AA2A-6533-46AD-B604-2A54CBD2DCD2}.Release|Any CPU.ActiveCfg = Release|Any CPU
		{66D8AA2A-6533-46AD-B604-2A54CBD2DCD2}.Release|Any CPU.Build.0 = Release|Any CPU
	EndGlobalSection
	GlobalSection(SolutionProperties) = preSolution
		HideSolutionNode = FALSE
	EndGlobalSection
	GlobalSection(ExtensibilityGlobals) = postSolution
		SolutionGuid = {31C3AC99-31F8-47B4-BA35-9884D0980887}
	EndGlobalSection
EndGlobal
