
Microsoft Visual Studio Solution File, Format Version 12.00
# Visual Studio 15
VisualStudioVersion = 15.0.27130.2027
MinimumVisualStudioVersion = 10.0.40219.1
Project("{FAE04EC0-301F-11D3-BF4B-00C04F79EFBC}") = "HashTableConsoleApp", "HashTableConsoleApp.csproj", "{92C9FD79-109E-4AB6-8B25-0E16298A071B}"
EndProject
Global
	GlobalSection(SolutionConfigurationPlatforms) = preSolution
		Debug|Any CPU = Debug|Any CPU
		Release|Any CPU = Release|Any CPU
	EndGlobalSection
	GlobalSection(ProjectConfigurationPlatforms) = postSolution
		{92C9FD79-109E-4AB6-8B25-0E16298A071B}.Debug|Any CPU.ActiveCfg = Debug|Any CPU
		{92C9FD79-109E-4AB6-8B25-0E16298A071B}.Debug|Any CPU.Build.0 = Debug|Any CPU
		{92C9FD79-109E-4AB6-8B25-0E16298A071B}.Release|Any CPU.ActiveCfg = Release|Any CPU
		{92C9FD79-109E-4AB6-8B25-0E16298A071B}.Release|Any CPU.Build.0 = Release|Any CPU
	EndGlobalSection
	GlobalSection(SolutionProperties) = preSolution
		HideSolutionNode = FALSE
	EndGlobalSection
	GlobalSection(ExtensibilityGlobals) = postSolution
		SolutionGuid = {2591E50E-CEFA-4C27-8A54-58B72939FA08}
	EndGlobalSection
EndGlobal
