
Microsoft Visual Studio Solution File, Format Version 12.00
# Visual Studio 15
VisualStudioVersion = 15.0.27130.2027
MinimumVisualStudioVersion = 10.0.40219.1
Project("{FAE04EC0-301F-11D3-BF4B-00C04F79EFBC}") = "ConsoleUnicodeApp", "ConsoleUnicodeApp.csproj", "{E3A924A5-0EE2-4EA5-A405-D0AEF8C828FB}"
EndProject
Global
	GlobalSection(SolutionConfigurationPlatforms) = preSolution
		Debug|Any CPU = Debug|Any CPU
		Release|Any CPU = Release|Any CPU
	EndGlobalSection
	GlobalSection(ProjectConfigurationPlatforms) = postSolution
		{E3A924A5-0EE2-4EA5-A405-D0AEF8C828FB}.Debug|Any CPU.ActiveCfg = Debug|Any CPU
		{E3A924A5-0EE2-4EA5-A405-D0AEF8C828FB}.Debug|Any CPU.Build.0 = Debug|Any CPU
		{E3A924A5-0EE2-4EA5-A405-D0AEF8C828FB}.Release|Any CPU.ActiveCfg = Release|Any CPU
		{E3A924A5-0EE2-4EA5-A405-D0AEF8C828FB}.Release|Any CPU.Build.0 = Release|Any CPU
	EndGlobalSection
	GlobalSection(SolutionProperties) = preSolution
		HideSolutionNode = FALSE
	EndGlobalSection
	GlobalSection(ExtensibilityGlobals) = postSolution
		SolutionGuid = {66E4A6A0-920E-4E5E-8FB4-DB4E4E2F154C}
	EndGlobalSection
EndGlobal
