
Microsoft Visual Studio Solution File, Format Version 12.00
# Visual Studio 15
VisualStudioVersion = 15.0.27130.2027
MinimumVisualStudioVersion = 10.0.40219.1
Project("{FAE04EC0-301F-11D3-BF4B-00C04F79EFBC}") = "DictionaryConsoleApp", "DictionaryConsoleApp.csproj", "{A42F04CB-340F-446A-8811-EB0EB814A4B2}"
EndProject
Global
	GlobalSection(SolutionConfigurationPlatforms) = preSolution
		Debug|Any CPU = Debug|Any CPU
		Release|Any CPU = Release|Any CPU
	EndGlobalSection
	GlobalSection(ProjectConfigurationPlatforms) = postSolution
		{A42F04CB-340F-446A-8811-EB0EB814A4B2}.Debug|Any CPU.ActiveCfg = Debug|Any CPU
		{A42F04CB-340F-446A-8811-EB0EB814A4B2}.Debug|Any CPU.Build.0 = Debug|Any CPU
		{A42F04CB-340F-446A-8811-EB0EB814A4B2}.Release|Any CPU.ActiveCfg = Release|Any CPU
		{A42F04CB-340F-446A-8811-EB0EB814A4B2}.Release|Any CPU.Build.0 = Release|Any CPU
	EndGlobalSection
	GlobalSection(SolutionProperties) = preSolution
		HideSolutionNode = FALSE
	EndGlobalSection
	GlobalSection(ExtensibilityGlobals) = postSolution
		SolutionGuid = {22B60FC7-5414-43D5-BC7F-46E1582B59E2}
	EndGlobalSection
EndGlobal
