
Microsoft Visual Studio Solution File, Format Version 12.00
# Visual Studio 15
VisualStudioVersion = 15.0.27130.2027
MinimumVisualStudioVersion = 10.0.40219.1
Project("{FAE04EC0-301F-11D3-BF4B-00C04F79EFBC}") = "ADO2", "ADO2\ADO2.csproj", "{8010BFAB-89C6-4D17-9DD7-A3BD7E628556}"
EndProject
Global
	GlobalSection(SolutionConfigurationPlatforms) = preSolution
		Debug|Any CPU = Debug|Any CPU
		Release|Any CPU = Release|Any CPU
	EndGlobalSection
	GlobalSection(ProjectConfigurationPlatforms) = postSolution
		{8010BFAB-89C6-4D17-9DD7-A3BD7E628556}.Debug|Any CPU.ActiveCfg = Debug|Any CPU
		{8010BFAB-89C6-4D17-9DD7-A3BD7E628556}.Debug|Any CPU.Build.0 = Debug|Any CPU
		{8010BFAB-89C6-4D17-9DD7-A3BD7E628556}.Release|Any CPU.ActiveCfg = Release|Any CPU
		{8010BFAB-89C6-4D17-9DD7-A3BD7E628556}.Release|Any CPU.Build.0 = Release|Any CPU
	EndGlobalSection
	GlobalSection(SolutionProperties) = preSolution
		HideSolutionNode = FALSE
	EndGlobalSection
	GlobalSection(ExtensibilityGlobals) = postSolution
		SolutionGuid = {EE53C920-C19E-4BD0-B3CF-4868D7FACCCD}
	EndGlobalSection
EndGlobal
