
Microsoft Visual Studio Solution File, Format Version 12.00
# Visual Studio 15
VisualStudioVersion = 15.0.27130.2027
MinimumVisualStudioVersion = 10.0.40219.1
Project("{FAE04EC0-301F-11D3-BF4B-00C04F79EFBC}") = "StaticConsoleApp", "StaticConsoleApp.csproj", "{05C3580E-DE24-43A5-96ED-C02E74E966CD}"
EndProject
Global
	GlobalSection(SolutionConfigurationPlatforms) = preSolution
		Debug|Any CPU = Debug|Any CPU
		Release|Any CPU = Release|Any CPU
	EndGlobalSection
	GlobalSection(ProjectConfigurationPlatforms) = postSolution
		{05C3580E-DE24-43A5-96ED-C02E74E966CD}.Debug|Any CPU.ActiveCfg = Debug|Any CPU
		{05C3580E-DE24-43A5-96ED-C02E74E966CD}.Debug|Any CPU.Build.0 = Debug|Any CPU
		{05C3580E-DE24-43A5-96ED-C02E74E966CD}.Release|Any CPU.ActiveCfg = Release|Any CPU
		{05C3580E-DE24-43A5-96ED-C02E74E966CD}.Release|Any CPU.Build.0 = Release|Any CPU
	EndGlobalSection
	GlobalSection(SolutionProperties) = preSolution
		HideSolutionNode = FALSE
	EndGlobalSection
	GlobalSection(ExtensibilityGlobals) = postSolution
		SolutionGuid = {6664DFA8-8A75-446E-9E9B-90A1002C78E2}
	EndGlobalSection
EndGlobal
