
Microsoft Visual Studio Solution File, Format Version 12.00
# Visual Studio 15
VisualStudioVersion = 15.0.27703.2035
MinimumVisualStudioVersion = 10.0.40219.1
Project("{FAE04EC0-301F-11D3-BF4B-00C04F79EFBC}") = "ConsoleTristar", "ConsoleTristar\ConsoleTristar.csproj", "{96DF954F-46F0-426F-8D45-97BF2B167ED1}"
EndProject
Global
	GlobalSection(SolutionConfigurationPlatforms) = preSolution
		Debug|Any CPU = Debug|Any CPU
		Release|Any CPU = Release|Any CPU
	EndGlobalSection
	GlobalSection(ProjectConfigurationPlatforms) = postSolution
		{96DF954F-46F0-426F-8D45-97BF2B167ED1}.Debug|Any CPU.ActiveCfg = Debug|Any CPU
		{96DF954F-46F0-426F-8D45-97BF2B167ED1}.Debug|Any CPU.Build.0 = Debug|Any CPU
		{96DF954F-46F0-426F-8D45-97BF2B167ED1}.Release|Any CPU.ActiveCfg = Release|Any CPU
		{96DF954F-46F0-426F-8D45-97BF2B167ED1}.Release|Any CPU.Build.0 = Release|Any CPU
	EndGlobalSection
	GlobalSection(SolutionProperties) = preSolution
		HideSolutionNode = FALSE
	EndGlobalSection
	GlobalSection(ExtensibilityGlobals) = postSolution
		SolutionGuid = {A672FB6A-8B21-4592-B193-44A6E31325D9}
	EndGlobalSection
EndGlobal
