
Microsoft Visual Studio Solution File, Format Version 12.00
# Visual Studio 15
VisualStudioVersion = 15.0.27130.2027
MinimumVisualStudioVersion = 10.0.40219.1
Project("{FAE04EC0-301F-11D3-BF4B-00C04F79EFBC}") = "ConsoleParsingApp", "ConsoleParsingApp.csproj", "{6072AE80-756E-4669-B7C4-DF9AD4B8DA70}"
EndProject
Global
	GlobalSection(SolutionConfigurationPlatforms) = preSolution
		Debug|Any CPU = Debug|Any CPU
		Release|Any CPU = Release|Any CPU
	EndGlobalSection
	GlobalSection(ProjectConfigurationPlatforms) = postSolution
		{6072AE80-756E-4669-B7C4-DF9AD4B8DA70}.Debug|Any CPU.ActiveCfg = Debug|Any CPU
		{6072AE80-756E-4669-B7C4-DF9AD4B8DA70}.Debug|Any CPU.Build.0 = Debug|Any CPU
		{6072AE80-756E-4669-B7C4-DF9AD4B8DA70}.Release|Any CPU.ActiveCfg = Release|Any CPU
		{6072AE80-756E-4669-B7C4-DF9AD4B8DA70}.Release|Any CPU.Build.0 = Release|Any CPU
	EndGlobalSection
	GlobalSection(SolutionProperties) = preSolution
		HideSolutionNode = FALSE
	EndGlobalSection
	GlobalSection(ExtensibilityGlobals) = postSolution
		SolutionGuid = {16BAA944-9EC6-44F7-94E2-DB4DCD6F05F1}
	EndGlobalSection
EndGlobal
